github.com/BurntSushi/toml v1.3.2 h1:o7IhLm0Msx3BaB+n3Ag7L8EVlByGnpq14C4YWiu/gL8=
github.com/BurntSushi/toml v1.3.2/go.mod h1:CxXYINrC8qIiEnFrOxCa7Jy5BFHlXnUU2pbicEuybxQ=
github.com/bits-and-blooms/bitset v1.14.2 h1:YXVoyPndbdvcEVcseEovVfp0qjJp7S+i5+xgp/Nfbdc=
github.com/bits-and-blooms/bitset v1.14.2/go.mod h1:7hO7Gc7Pp1vODcmWvKMRA9BNmbv6a/7QIWpPxHddWR8=
github.com/blang/semver/v4 v4.0.0 h1:1PFHFE6yCCTv8C1TeyNNarDzntLi7wMI5i/pzqYIsAM=
github.com/blang/semver/v4 v4.0.0/go.mod h1:IbckMUScFkM3pff0VJDNKRiT6TG/YpiHIM2yvyW5YoQ=
github.com/consensys/bavard v0.1.13 h1:oLhMLOFGTLdlda/kma4VOJazblc7IM5y5QPd2A/YjhQ=
github.com/consensys/bavard v0.1.13/go.mod h1:9ItSMtA/dXMAiL7BG6bqW2m3NdSEObYWoH223nGHukI=
github.com/consensys/gnark v0.11.0 h1:YlndnlbRAoIEA+aIIHzNIW4P0dCIOM9/jCVzsXf356c=
github.com/consensys/gnark v0.11.0/go.mod h1:2LbheIOxsBI1a9Ck1XxUoy6PRnH28mSI9qrvtN2HwDY=
github.com/consensys/gnark-crypto v0.14.0 h1:DDBdl4HaBtdQsq/wfMwJvZNE80sHidrK3Nfrefatm0E=
github.com/consensys/gnark-crypto v0.14.0/go.mod h1:CU4UijNPsHawiVGNxe9co07FkzCeWHHrb1li/n1XoU0=
github.com/coreos/go-systemd/v22 v22.5.0/go.mod h1:Y58oyj3AT4RCenI/lSvhwexgC+NSVTIJ3seZv2GcEnc=
github.com/fxamacker/cbor/v2 v2.7.0 h1:iM5WgngdRBanHcxugY4JySA0nk1wZorNOpTgCMedv5E=
github.com/fxamacker/cbor/v2 v2.7.0/go.mod h1:pxXPTn3joSm21Gbwsv0w9OSA2y1HFR9qXEeXQVeNoDQ=
github.com/godbus/dbus/v5 v5.0.4/go.mod h1:xhWf0FNVPg57R7Z0UbKHbJfkEywrmjJnf7w5xrFpKfA=
github.com/golang/snappy v1.0.0 h1:Oy607GVXHs7RtbggtPBnr2RmDArIsAefDwvrdWvRhGs=
github.com/golang/snappy v1.0.0/go.mod h1:/XxbfmMg8lxefKM7IXC3fBNl/7bRcc72aCRzEWrmP2Q=
github.com/google/go-cmp v0.6.0 h1:ofyhxvXcZhMsU5ulbFiLKl/XBFqE1GSq7atu8tAmTRI=
github.com/google/go-cmp v0.6.0/go.mod h1:17dUlkBOakJ0+DkrSSNjCkIjxS6bF9zb3elmeNGIjoY=
github.com/google/pprof v0.0.0-20240727154555-813a5fbdbec8 h1:FKHo8hFI3A+7w0aUQuYXQ+6EN5stWmeY/AZqtM8xk9k=
github.com/google/pprof v0.0.0-20240727154555-813a5fbdbec8/go.mod h1:K1liHPHnj73Fdn/EKuT8nrFqBihUSKXoLYU0BuatOYo=
github.com/google/subcommands v1.2.0/go.mod h1:ZjhPrFU+Olkh9WazFPsl27BQ4UPiG37m3yTrtFlrHVk=
github.com/google/uuid v1.6.0 h1:NIvaJDMOsjHA8n1jAhLSgzrAzy1Hgr+hNrb57e+94F0=
github.com/google/uuid v1.6.0/go.mod h1:TIyPZe4MgqvfeYDBFedMoGGpEw/LqOeaOT+nhxU+yHo=
github.com/ingonyama-zk/icicle v1.1.0 h1:a2MUIaF+1i4JY2Lnb961ZMvaC8GFs9GqZgSnd9e95C8=
github.com/ingonyama-zk/icicle v1.1.0/go.mod h1:kAK8/EoN7fUEmakzgZIYdWy1a2rBnpCaZLqSHwZWxEk=
github.com/ingonyama-zk/iciclegnark v0.1.0 h1:88MkEghzjQBMjrYRJFxZ9oR9CTIpB8NG2zLeCJSvXKQ=
github.com/ingonyama-zk/iciclegnark v0.1.0/go.mod h1:wz6+IpyHKs6UhMMoQpNqz1VY+ddfKqC/gRwR/64W6WU=
github.com/leanovate/gopter v0.2.11 h1:vRjThO1EKPb/1NsDXuDrzldR28RLkBflWYcU9CvzWu4=
github.com/leanovate/gopter v0.2.11/go.mod h1:aK3tzZP/C+p1m3SPRE4SYZFGP7jjkuSI4f7Xvpt0S9c=
github.com/mattn/go-colorable v0.1.13 h1:fFA4WZxdEF4tXPZVKMLwD8oUnCTTo08duU7wxecdEvA=
github.com/mattn/go-colorable v0.1.13/go.mod h1:7S9/ev0klgBDR4GtXTXX8a3vIGJpMovkB8vQcUbaXHg=
github.com/mattn/go-isatty v0.0.16/go.mod h1:kYGgaQfpe5nmfYZH+SKPsOc2e4SrIfOl2e/yFXSvRLM=
github.com/mattn/go-isatty v0.0.19/go.mod h1:W+V8PltTTMOvKvAeJH7IuucS94S2C6jfK/D7dTCTo3Y=
github.com/mattn/go-isatty v0.0.20 h1:xfD0iDuEKnDkl03q4limB+vH+GxLEtL/jb4xVJSWWEY=
github.com/mattn/go-isatty v0.0.20/go.mod h1:W+V8PltTTMOvKvAeJH7IuucS94S2C6jfK/D7dTCTo3Y=
github.com/mmcloughlin/addchain v0.4.0 h1:SobOdjm2xLj1KkXN5/n0xTIWyZA2+s99UCY1iPfkHRY=
github.com/mmcloughlin/addchain v0.4.0/go.mod h1:A86O+tHqZLMNO4w6ZZ4FlVQEadcoqkyU72HC5wJ4RlU=
github.com/mmcloughlin/profile v0.1.1/go.mod h1:IhHD7q1ooxgwTgjxQYkACGA77oFTDdFVejUS1/tS/qU=
github.com/pion/datachannel v1.6.3 h1:HZAYLpunVI0xi057ZiANl558d0uSpomcWw4UEPz3qXs=
github.com/pion/datachannel v1.6.3/go.mod h1:oRmkXVVXxkUbqa8MatgdNHW29kvtQY3HUdjJQsfv2GE=
github.com/pion/dtls/v3 v3.1.9 h1:rpeycmLIkc4krpk1IxP7+39o11QdCXbmV9+FGi9yZJ8=
github.com/pion/dtls/v3 v3.1.9/go.mod h1:iKFQNYrjsN2TiA2YKKMqB9MOZaFpjFULBI/A4sW0eyc=
github.com/pion/ice/v4 v4.4.4 h1:nPhqLkf8NoE9O8NBKd3Xo2NNc2PlBMdM07tWZ+IH/i8=
github.com/pion/ice/v4 v4.4.4/go.mod h1:vkrbLwF98P/DJuCKoAmOQY4FJ7dJPI5VcBFOO3kyYx0=
github.com/pion/interceptor v0.1.49 h1:iyBsNHRoLNNXZiJA/DdGvJgdyfS8YWDCzxIAlVjt5nY=
github.com/pion/interceptor v0.1.49/go.mod h1:MZ6PJkja/TCo350HAnBrs/rUIyad9mWjpcvytrf3ViQ=
github.com/pion/logging v0.2.4 h1:tTew+7cmQ+Mc1pTBLKH2puKsOvhm32dROumOZ655zB8=
github.com/pion/logging v0.2.4/go.mod h1:DffhXTKYdNZU+KtJ5pyQDjvOAh/GsNSyv1lbkFbe3so=
github.com/pion/mdns/v2 v2.2.1 h1:lQPWv6Mo5jG1sKwqkYgfeXGX7/seban4x7/j0n485/M=
github.com/pion/mdns/v2 v2.2.1/go.mod h1:ZX5f0AAH1D6TOjdjvcBORZZHaZuG0t9+br78lHEwiJ4=
github.com/pion/randutil v0.1.0 h1:CFG1UdESneORglEsnimhUjf33Rwjubwj6xfiOXBa3mA=
github.com/pion/randutil v0.1.0/go.mod h1:XcJrSMMbbMRhASFVOlj/5hQial/Y8oH/HVo7TBZq+j8=
github.com/pion/rtcp v1.2.18 h1:ZPgMZMCtBoReTixtFAyzcOkuJiebyB94qxtBAyvSooM=
github.com/pion/rtcp v1.2.18/go.mod h1:vX7Es6skWYm4oVvOSC5+4WHLYUTZHcbGNmk5wjzMGH4=
github.com/pion/rtp v1.10.5 h1:ip0HhO/wYZqQ4bKS+R99KnZh/GRCmIT0jDXikub7vlE=
github.com/pion/rtp v1.10.5/go.mod h1:Au8fc6cEByy8RLTwKTQTEeQqDB/SJDxwL4mZuxYA5Pk=
github.com/pion/sctp v1.11.3 h1:cFo/voNuKzdxEno6z96PWq/96xkAJeMB/eqB7GNfmlQ=
github.com/pion/sctp v1.11.3/go.mod h1:7v/MXGBROc8fu9g2TVwCXRasPISCMd3j8wSH+o45uCI=
github.com/pion/sdp/v3 v3.0.20 h1:TS6DViqcmp+49f0+mjw9anbr9xY3vJtsZewxAvlMCRQ=
github.com/pion/sdp/v3 v3.0.20/go.mod h1:slIMXDK5OKj0nhISwjfeN18AzTBCt2LYZq9uPw0cU5Q=
github.com/pion/srtp/v3 v3.1.0 h1:keugrBOxtvAv5Urf4lBMfso8OCAX3mm7Brdl26JSvik=
github.com/pion/srtp/v3 v3.1.0/go.mod h1:RlTlj08MtRReQiVm/PMmMFUDNjZkoKuKJMHkl9+M7a8=
github.com/pion/stun/v4 v4.0.1 h1:S2ggK4hsUJJKoZfpL90uIqIRTj6xJ0NOIEkXgcpQif0=
github.com/pion/stun/v4 v4.0.1/go.mod h1:byktbPA8U7HjJ2H8w3moP7nzq0Q+kYNulvMLPaubQL4=
github.com/pion/transport/v5 v5.1.1 h1:Sauq8YJqRopgRfIgnpfKpdpKG14g0N4jWlRgpWsEfN8=
github.com/pion/transport/v5 v5.1.1/go.mod h1:Qxw6fCEjFWQkRDZOhS4Vf+neJBcihauvA3uyEa1J1F0=
github.com/pion/turn/v5 v5.1.2 h1:acEOO+D5txJ52vKfcilmSMItfP23Q9K6pJ1LM5P2VV0=
github.com/pion/turn/v5 v5.1.2/go.mod h1:57Oadc8fHnac15VFyCd6nEaBTVZBxQe2POUMD4lsHRA=
github.com/pion/webrtc/v4 v4.2.22 h1:eoRTHzLKW5tI9o5iahw3s4KL4IHPESsfIF06zWi3JAo=
github.com/pion/webrtc/v4 v4.2.22/go.mod h1:JBu1ba8lUEX4jbYFKofglMQJG7f0rJk7UepKjI3GaLE=
github.com/pkg/errors v0.9.1/go.mod h1:bwawxfHBFNV+L2hUp1rHADufV3IMtnDRdf1r5NINEl0=
github.com/ronanh/intcomp v1.1.0 h1:i54kxmpmSoOZFcWPMWryuakN0vLxLswASsGa07zkvLU=
github.com/ronanh/intcomp v1.1.0/go.mod h1:7FOLy3P3Zj3er/kVrU/pl+Ql7JFZj7bwliMGketo0IU=
github.com/rs/xid v1.5.0/go.mod h1:trrq9SKmegXys3aeAKXMUTdJsYXVwGY3RLcfgqegfbg=
github.com/rs/zerolog v1.33.0 h1:1cU2KZkvPxNyfgEmhHAz/1A9Bz+llsdYzklWFzgp0r8=
github.com/rs/zerolog v1.33.0/go.mod h1:/7mN4D5sKwJLZQ2b/znpjC3/GQWY/xaDXUM0kKWRHss=
github.com/stretchr/testify v1.12.1 h1:EuwCh5fleGS7H32xRwO3wRGT7DxrDhLAT6FF8MpWDWE=
github.com/stretchr/testify v1.12.1/go.mod h1:MDEgiDPPsNp5cuIrHPPCyornHKgEVbtFUmoNlxoYthg=
github.com/wlynxg/anet v0.0.5 h1:J3VJGi1gvo0JwZ/P1/Yc/8p63SoW98B5dHkYDmpgvvU=
github.com/wlynxg/anet v0.0.5/go.mod h1:eay5PRQr7fIVAMbTbchTnO9gG65Hg/uYGdc7mguHxoA=
github.com/x448/float16 v0.8.4 h1:qLwI1I70+NjRFUR3zs1JPUCgaCXSh3SW62uAKT1mSBM=
github.com/x448/float16 v0.8.4/go.mod h1:14CWIYCyZA/cWjXOioeEpHeN/83MdbZDRQHoFcYsOfg=
go.yaml.in/yaml/v3 v3.0.5 h1:N6y/pJk8buWs9NY5ERU2HSMfm+IuD/OtfdAnq6kESPw=
go.yaml.in/yaml/v3 v3.0.5/go.mod h1:HVTZu1O7/Vkt2N+BFy8Zza+lnLsABggaTM2ZpNIGuKg=
golang.org/x/crypto v0.48.0 h1:/VRzVqiRSggnhY7gNRxPauEQ5Drw9haKdM0jqfcCFts=
golang.org/x/crypto v0.48.0/go.mod h1:r0kV5h3qnFPlQnBSrULhlsRfryS2pmewsg+XfMgkVos=
golang.org/x/net v0.50.0 h1:ucWh9eiCGyDR3vtzso0WMQinm2Dnt8cFMuQa9K33J60=
golang.org/x/net v0.50.0/go.mod h1:UgoSli3F/pBgdJBHCTc+tp3gmrU4XswgGRgtnwWTfyM=
golang.org/x/sync v0.8.0 h1:3NFvSEYkUoMifnESzZl15y791HH1qU2xm6eCJU5ZPXQ=
golang.org/x/sync v0.8.0/go.mod h1:Czt+wKu1gCyEFDUtn0jG5QVvpJ6rzVqr5aXyt9drQfk=
golang.org/x/sys v0.0.0-20220811171246-fbc7d0a398ab/go.mod h1:oPkhp1MJrh7nUepCBck5+mAzfO9JrbApNNgaTdGDITg=
golang.org/x/sys v0.6.0/go.mod h1:oPkhp1MJrh7nUepCBck5+mAzfO9JrbApNNgaTdGDITg=
golang.org/x/sys v0.12.0/go.mod h1:oPkhp1MJrh7nUepCBck5+mAzfO9JrbApNNgaTdGDITg=
golang.org/x/sys v0.41.0 h1:Ivj+2Cp/ylzLiEU89QhWblYnOE9zerudt9Ftecq2C6k=
golang.org/x/sys v0.41.0/go.mod h1:OgkHotnGiDImocRcuBABYBEXf8A9a87e/uXjp9XT3ks=
golang.org/x/time v0.14.0 h1:MRx4UaLrDotUKUdCIqzPC48t1Y9hANFKIRpNx+Te8PI=
golang.org/x/time v0.14.0/go.mod h1:eL/Oa2bBBK0TkX57Fyni+NgnyQQN4LitPmob2Hjnqw4=
gopkg.in/yaml.v2 v2.4.0 h1:D8xgwECY7CYvx+Y2n4sBz93Jn9JRvxdiyyo8CTfuKaY=
gopkg.in/yaml.v2 v2.4.0/go.mod h1:RDklbk79AGWmwhnvt/jBztapEOGDOx6ZbXqjP6csGnQ=
rsc.io/tmplfunc v0.0.3 h1:53XFQh69AfOa8Tw0Jm7t+GV7KZhOi6jzsCzTtKbMvzU=
rsc.io/tmplfunc v0.0.3/go.mod h1:AG3sTPzElb1Io3Yg4voV9AGZJuleGAwaVRxL9M49PhA=
